
Microsoft Visual Studio Solution File, Format Version 12.00
# Visual Studio Version 17
VisualStudioVersion = 17.11.35431.28
MinimumVisualStudioVersion = 10.0.40219.1
Project("{FAE04EC0-301F-11D3-BF4B-00C04F79EFBC}") = "Baza", "Baza\Baza.csproj", "{95857627-36B9-488B-ABEE-3EC5935585E1}"
EndProject
Project("{FAE04EC0-301F-11D3-BF4B-00C04F79EFBC}") = "LogicLayer", "LogicLayer\LogicLayer.csproj", "{C0619862-619C-4784-8FA2-DB0716F27B55}"
EndProject
Project("{FAE04EC0-301F-11D3-BF4B-00C04F79EFBC}") = "DataAccessLayer", "DataAccessLayer\DataAccessLayer.csproj", "{731E3479-1970-45FD-AE0B-8198DE6162F0}"
EndProject
Global
	GlobalSection(SolutionConfigurationPlatforms) = preSolution
		Debug|Any CPU = Debug|Any CPU
		Release|Any CPU = Release|Any CPU
	EndGlobalSection
	GlobalSection(ProjectConfigurationPlatforms) = postSolution
		{95857627-36B9-488B-ABEE-3EC5935585E1}.Debug|Any CPU.ActiveCfg = Debug|Any CPU
		{95857627-36B9-488B-ABEE-3EC5935585E1}.Debug|Any CPU.Build.0 = Debug|Any CPU
		{95857627-36B9-488B-ABEE-3EC5935585E1}.Release|Any CPU.ActiveCfg = Release|Any CPU
		{95857627-36B9-488B-ABEE-3EC5935585E1}.Release|Any CPU.Build.0 = Release|Any CPU
		{C0619862-619C-4784-8FA2-DB0716F27B55}.Debug|Any CPU.ActiveCfg = Debug|Any CPU
		{C0619862-619C-4784-8FA2-DB0716F27B55}.Debug|Any CPU.Build.0 = Debug|Any CPU
		{C0619862-619C-4784-8FA2-DB0716F27B55}.Release|Any CPU.ActiveCfg = Release|Any CPU
		{C0619862-619C-4784-8FA2-DB0716F27B55}.Release|Any CPU.Build.0 = Release|Any CPU
		{731E3479-1970-45FD-AE0B-8198DE6162F0}.Debug|Any CPU.ActiveCfg = Debug|Any CPU
		{731E3479-1970-45FD-AE0B-8198DE6162F0}.Debug|Any CPU.Build.0 = Debug|Any CPU
		{731E3479-1970-45FD-AE0B-8198DE6162F0}.Release|Any CPU.ActiveCfg = Release|Any CPU
		{731E3479-1970-45FD-AE0B-8198DE6162F0}.Release|Any CPU.Build.0 = Release|Any CPU
	EndGlobalSection
	GlobalSection(SolutionProperties) = preSolution
		HideSolutionNode = FALSE
	EndGlobalSection
	GlobalSection(ExtensibilityGlobals) = postSolution
		SolutionGuid = {6C88BB5C-3D8D-4284-9BD7-1615D37D35AB}
	EndGlobalSection
EndGlobal
